
Microsoft Visual Studio Solution File, Format Version 12.00
# Visual Studio Version 17
VisualStudioVersion = 17.8.34601.278
MinimumVisualStudioVersion = 10.0.40219.1
Project("{FAE04EC0-301F-11D3-BF4B-00C04F79EFBC}") = "MauiApp1", "MauiApp1\MauiApp1.csproj", "{1597FF61-A1C6-4F09-AC54-C698691AD5CA}"
EndProject
Global
	GlobalSection(SolutionConfigurationPlatforms) = preSolution
		Debug|Any CPU = Debug|Any CPU
		Release|Any CPU = Release|Any CPU
	EndGlobalSection
	GlobalSection(ProjectConfigurationPlatforms) = postSolution
		{1597FF61-A1C6-4F09-AC54-C698691AD5CA}.Debug|Any CPU.ActiveCfg = Debug|Any CPU
		{1597FF61-A1C6-4F09-AC54-C698691AD5CA}.Debug|Any CPU.Build.0 = Debug|Any CPU
		{1597FF61-A1C6-4F09-AC54-C698691AD5CA}.Debug|Any CPU.Deploy.0 = Debug|Any CPU
		{1597FF61-A1C6-4F09-AC54-C698691AD5CA}.Release|Any CPU.ActiveCfg = Release|Any CPU
		{1597FF61-A1C6-4F09-AC54-C698691AD5CA}.Release|Any CPU.Build.0 = Release|Any CPU
		{1597FF61-A1C6-4F09-AC54-C698691AD5CA}.Release|Any CPU.Deploy.0 = Release|Any CPU
	EndGlobalSection
	GlobalSection(SolutionProperties) = preSolution
		HideSolutionNode = FALSE
	EndGlobalSection
	GlobalSection(ExtensibilityGlobals) = postSolution
		SolutionGuid = {18944280-98EA-4B82-B8FA-5D400033D311}
	EndGlobalSection
EndGlobal
